
Microsoft Visual Studio Solution File, Format Version 12.00
# Visual Studio Version 16
VisualStudioVersion = 16.0.29709.97
MinimumVisualStudioVersion = 10.0.40219.1
Project("{FAE04EC0-301F-11D3-BF4B-00C04F79EFBC}") = "CoreService", "CoreService\CoreService.csproj", "{53AF0155-7E35-4876-B436-51A82FCE283C}"
EndProject
Global
	GlobalSection(SolutionConfigurationPlatforms) = preSolution
		Debug|Any CPU = Debug|Any CPU
		Release|Any CPU = Release|Any CPU
	EndGlobalSection
	GlobalSection(ProjectConfigurationPlatforms) = postSolution
		{53AF0155-7E35-4876-B436-51A82FCE283C}.Debug|Any CPU.ActiveCfg = Debug|Any CPU
		{53AF0155-7E35-4876-B436-51A82FCE283C}.Debug|Any CPU.Build.0 = Debug|Any CPU
		{53AF0155-7E35-4876-B436-51A82FCE283C}.Release|Any CPU.ActiveCfg = Release|Any CPU
		{53AF0155-7E35-4876-B436-51A82FCE283C}.Release|Any CPU.Build.0 = Release|Any CPU
	EndGlobalSection
	GlobalSection(SolutionProperties) = preSolution
		HideSolutionNode = FALSE
	EndGlobalSection
	GlobalSection(ExtensibilityGlobals) = postSolution
		SolutionGuid = {6FB8724C-F258-4624-B87D-0232A26E57B2}
	EndGlobalSection
EndGlobal
